// !$*UTF8*$!
{
	archiveVersion = 1;
	classes = {
	};
	objectVersion = 50;
	objects = {

/* Begin PBXBuildFile section */
		2C38850E225C36BE00B3809C /* AppDelegate.swift in Sources */ = {isa = PBXBuildFile; fileRef = 2C38850D225C36BE00B3809C /* AppDelegate.swift */; };
		2C388513225C36BE00B3809C /* Main.storyboard in Resources */ = {isa = PBXBuildFile; fileRef = 2C388511225C36BE00B3809C /* Main.storyboard */; };
		2C388515225C36C100B3809C /* Assets.xcassets in Resources */ = {isa = PBXBuildFile; fileRef = 2C388514225C36C100B3809C /* Assets.xcassets */; };
		2C388518225C36C100B3809C /* LaunchScreen.storyboard in Resources */ = {isa = PBXBuildFile; fileRef = 2C388516225C36C100B3809C /* LaunchScreen.storyboard */; };
		2C388523225C36C100B3809C /* ParstagramTests.swift in Sources */ = {isa = PBXBuildFile; fileRef = 2C388522225C36C100B3809C /* ParstagramTests.swift */; };
		2C38852E225C36C100B3809C /* ParstagramUITests.swift in Sources */ = {isa = PBXBuildFile; fileRef = 2C38852D225C36C100B3809C /* ParstagramUITests.swift */; };
		2C8BF949225C3E5D00C8CF12 /* LoginViewController.swift in Sources */ = {isa = PBXBuildFile; fileRef = 2C8BF948225C3E5D00C8CF12 /* LoginViewController.swift */; };
		2C8BF94B225C3E6900C8CF12 /* FeedViewController.swift in Sources */ = {isa = PBXBuildFile; fileRef = 2C8BF94A225C3E6900C8CF12 /* FeedViewController.swift */; };
		2C8BF94D225C560400C8CF12 /* CameraViewController.swift in Sources */ = {isa = PBXBuildFile; fileRef = 2C8BF94C225C560400C8CF12 /* CameraViewController.swift */; };
		2C8BF94F225C65D100C8CF12 /* PostCell.swift in Sources */ = {isa = PBXBuildFile; fileRef = 2C8BF94E225C65D100C8CF12 /* PostCell.swift */; };
		2CC037B12266D7DD0015C1DD /* CommentCell.swift in Sources */ = {isa = PBXBuildFile; fileRef = 2CC037B02266D7DD0015C1DD /* CommentCell.swift */; };
		8074E75B35155A20F5FDDCFB /* Pods_ParstagramUITests.framework in Frameworks */ = {isa = PBXBuildFile; fileRef = 119718ECF3226A4C1E7ADFCC /* Pods_ParstagramUITests.framework */; };
		8A0C2FD9CEA3625D27A63FA5 /* Pods_ParstagramTests.framework in Frameworks */ = {isa = PBXBuildFile; fileRef = 2F098DCAED37B236BECD01A1 /* Pods_ParstagramTests.framework */; };
		C6FBEAB0F304846D0CF4B929 /* Pods_Parstagram.framework in Frameworks */ = {isa = PBXBuildFile; fileRef = 27EA4B346887839A46632D3A /* Pods_Parstagram.framework */; };
/* End PBXBuildFile section */

/* Begin PBXContainerItemProxy section */
		2C38851F225C36C100B3809C /* PBXContainerItemProxy */ = {
			isa = PBXContainerItemProxy;
			containerPortal = 2C388502225C36BE00B3809C /* Project object */;
			proxyType = 1;
			remoteGlobalIDString = 2C388509225C36BE00B3809C;
			remoteInfo = Parstagram;
		};
		2C38852A225C36C100B3809C /* PBXContainerItemProxy */ = {
			isa = PBXContainerItemProxy;
			containerPortal = 2C388502225C36BE00B3809C /* Project object */;
			proxyType = 1;
			remoteGlobalIDString = 2C388509225C36BE00B3809C;
			remoteInfo = Parstagram;
		};
/* End PBXContainerItemProxy section */

/* Begin PBXFileReference section */
		119718ECF3226A4C1E7ADFCC /* Pods_ParstagramUITests.framework */ = {isa = PBXFileReference; explicitFileType = wrapper.framework; includeInIndex = 0; path = Pods_ParstagramUITests.framework; sourceTree = BUILT_PRODUCTS_DIR; };
		15875DB51E4E24FD3D62FC83 /* Pods-ParstagramUITests.release.xcconfig */ = {isa = PBXFileReference; includeInIndex = 1; lastKnownFileType = text.xcconfig; name = "Pods-ParstagramUITests.release.xcconfig"; path = "Target Support Files/Pods-ParstagramUITests/Pods-ParstagramUITests.release.xcconfig"; sourceTree = "<group>"; };
		18029EA96DD90FB560EF8982 /* Pods-Parstagram.debug.xcconfig */ = {isa = PBXFileReference; includeInIndex = 1; lastKnownFileType = text.xcconfig; name = "Pods-Parstagram.debug.xcconfig"; path = "Target Support Files/Pods-Parstagram/Pods-Parstagram.debug.xcconfig"; sourceTree = "<group>"; };
		27EA4B346887839A46632D3A /* Pods_Parstagram.framework */ = {isa = PBXFileReference; explicitFileType = wrapper.framework; includeInIndex = 0; path = Pods_Parstagram.framework; sourceTree = BUILT_PRODUCTS_DIR; };
		2C38850A225C36BE00B3809C /* Parstagram.app */ = {isa = PBXFileReference; explicitFileType = wrapper.application; includeInIndex = 0; path = Parstagram.app; sourceTree = BUILT_PRODUCTS_DIR; };
		2C38850D225C36BE00B3809C /* AppDelegate.swift */ = {isa = PBXFileReference; lastKnownFileType = sourcecode.swift; path = AppDelegate.swift; sourceTree = "<group>"; };
		2C388512225C36BE00B3809C /* Base */ = {isa = PBXFileReference; lastKnownFileType = file.storyboard; name = Base; path = Base.lproj/Main.storyboard; sourceTree = "<group>"; };
		2C388514225C36C100B3809C /* Assets.xcassets */ = {isa = PBXFileReference; lastKnownFileType = folder.assetcatalog; path = Assets.xcassets; sourceTree = "<group>"; };
		2C388517225C36C100B3809C /* Base */ = {isa = PBXFileReference; lastKnownFileType = file.storyboard; name = Base; path = Base.lproj/LaunchScreen.storyboard; sourceTree = "<group>"; };
		2C388519225C36C100B3809C /* Info.plist */ = {isa = PBXFileReference; lastKnownFileType = text.plist.xml; path = Info.plist; sourceTree = "<group>"; };
		2C38851E225C36C100B3809C /* ParstagramTests.xctest */ = {isa = PBXFileReference; explicitFileType = wrapper.cfbundle; includeInIndex = 0; path = ParstagramTests.xctest; sourceTree = BUILT_PRODUCTS_DIR; };
		2C388522225C36C100B3809C /* ParstagramTests.swift */ = {isa = PBXFileReference; lastKnownFileType = sourcecode.swift; path = ParstagramTests.swift; sourceTree = "<group>"; };
		2C388524225C36C100B3809C /* Info.plist */ = {isa = PBXFileReference; lastKnownFileType = text.plist.xml; path = Info.plist; sourceTree = "<group>"; };
		2C388529225C36C100B3809C /* ParstagramUITests.xctest */ = {isa = PBXFileReference; explicitFileType = wrapper.cfbundle; includeInIndex = 0; path = ParstagramUITests.xctest; sourceTree = BUILT_PRODUCTS_DIR; };
		2C38852D225C36C100B3809C /* ParstagramUITests.swift */ = {isa = PBXFileReference; lastKnownFileType = sourcecode.swift; path = ParstagramUITests.swift; sourceTree = "<group>"; };
		2C38852F225C36C100B3809C /* Info.plist */ = {isa = PBXFileReference; lastKnownFileType = text.plist.xml; path = Info.plist; sourceTree = "<group>"; };
		2C8BF948225C3E5D00C8CF12 /* LoginViewController.swift */ = {isa = PBXFileReference; lastKnownFileType = sourcecode.swift; path = LoginViewController.swift; sourceTree = "<group>"; };
		2C8BF94A225C3E6900C8CF12 /* FeedViewController.swift */ = {isa = PBXFileReference; lastKnownFileType = sourcecode.swift; path = FeedViewController.swift; sourceTree = "<group>"; };
		2C8BF94C225C560400C8CF12 /* CameraViewController.swift */ = {isa = PBXFileReference; lastKnownFileType = sourcecode.swift; path = CameraViewController.swift; sourceTree = "<group>"; };
		2C8BF94E225C65D100C8CF12 /* PostCell.swift */ = {isa = PBXFileReference; lastKnownFileType = sourcecode.swift; path = PostCell.swift; sourceTree = "<group>"; };
		2CC037B02266D7DD0015C1DD /* CommentCell.swift */ = {isa = PBXFileReference; lastKnownFileType = sourcecode.swift; path = CommentCell.swift; sourceTree = "<group>"; };
		2F098DCAED37B236BECD01A1 /* Pods_ParstagramTests.framework */ = {isa = PBXFileReference; explicitFileType = wrapper.framework; includeInIndex = 0; path = Pods_ParstagramTests.framework; sourceTree = BUILT_PRODUCTS_DIR; };
		6187061E685B9F6F16FEEC66 /* Pods-ParstagramTests.release.xcconfig */ = {isa = PBXFileReference; includeInIndex = 1; lastKnownFileType = text.xcconfig; name = "Pods-ParstagramTests.release.xcconfig"; path = "Target Support Files/Pods-ParstagramTests/Pods-ParstagramTests.release.xcconfig"; sourceTree = "<group>"; };
		7807801616764DA369F3449C /* Pods-ParstagramTests.debug.xcconfig */ = {isa = PBXFileReference; includeInIndex = 1; lastKnownFileType = text.xcconfig; name = "Pods-ParstagramTests.debug.xcconfig"; path = "Target Support Files/Pods-ParstagramTests/Pods-ParstagramTests.debug.xcconfig"; sourceTree = "<group>"; };
		DE8DCB6D81F54198C50A5C66 /* Pods-ParstagramUITests.debug.xcconfig */ = {isa = PBXFileReference; includeInIndex = 1; lastKnownFileType = text.xcconfig; name = "Pods-ParstagramUITests.debug.xcconfig"; path = "Target Support Files/Pods-ParstagramUITests/Pods-ParstagramUITests.debug.xcconfig"; sourceTree = "<group>"; };
		E73E145E837939B868223FBB /* Pods-Parstagram.release.xcconfig */ = {isa = PBXFileReference; includeInIndex = 1; lastKnownFileType = text.xcconfig; name = "Pods-Parstagram.release.xcconfig"; path = "Target Support Files/Pods-Parstagram/Pods-Parstagram.release.xcconfig"; sourceTree = "<group>"; };
/* End PBXFileReference section */

/* Begin PBXFrameworksBuildPhase section */
		2C388507225C36BE00B3809C /* Frameworks */ = {
			isa = PBXFrameworksBuildPhase;
			buildActionMask = 2147483647;
			files = (
				C6FBEAB0F304846D0CF4B929 /* Pods_Parstagram.framework in Frameworks */,
			);
			runOnlyForDeploymentPostprocessing = 0;
		};
		2C38851B225C36C100B3809C /* Frameworks */ = {
			isa = PBXFrameworksBuildPhase;
			buildActionMask = 2147483647;
			files = (
				8A0C2FD9CEA3625D27A63FA5 /* Pods_ParstagramTests.framework in Frameworks */,
			);
			runOnlyForDeploymentPostprocessing = 0;
		};
		2C388526225C36C100B3809C /* Frameworks */ = {
			isa = PBXFrameworksBuildPhase;
			buildActionMask = 2147483647;
			files = (
				8074E75B35155A20F5FDDCFB /* Pods_ParstagramUITests.framework in Frameworks */,
			);
			runOnlyForDeploymentPostprocessing = 0;
		};
/* End PBXFrameworksBuildPhase section */

/* Begin PBXGroup section */
		2C388501225C36BE00B3809C = {
			isa = PBXGroup;
			children = (
				2C38850C225C36BE00B3809C /* Parstagram */,
				2C388521225C36C100B3809C /* ParstagramTests */,
				2C38852C225C36C100B3809C /* ParstagramUITests */,
				2C38850B225C36BE00B3809C /* Products */,
				F0674E0FA3771244E4EB369A /* Pods */,
				362DE5F4F52E9E78E755A4C7 /* Frameworks */,
			);
			sourceTree = "<group>";
		};
		2C38850B225C36BE00B3809C /* Products */ = {
			isa = PBXGroup;
			children = (
				2C38850A225C36BE00B3809C /* Parstagram.app */,
				2C38851E225C36C100B3809C /* ParstagramTests.xctest */,
				2C388529225C36C100B3809C /* ParstagramUITests.xctest */,
			);
			name = Products;
			sourceTree = "<group>";
		};
		2C38850C225C36BE00B3809C /* Parstagram */ = {
			isa = PBXGroup;
			children = (
				2C38850D225C36BE00B3809C /* AppDelegate.swift */,
				2C388511225C36BE00B3809C /* Main.storyboard */,
				2C388514225C36C100B3809C /* Assets.xcassets */,
				2C388516225C36C100B3809C /* LaunchScreen.storyboard */,
				2C388519225C36C100B3809C /* Info.plist */,
				2C8BF948225C3E5D00C8CF12 /* LoginViewController.swift */,
				2C8BF94A225C3E6900C8CF12 /* FeedViewController.swift */,
				2C8BF94C225C560400C8CF12 /* CameraViewController.swift */,
				2C8BF94E225C65D100C8CF12 /* PostCell.swift */,
				2CC037B02266D7DD0015C1DD /* CommentCell.swift */,
			);
			path = Parstagram;
			sourceTree = "<group>";
		};
		2C388521225C36C100B3809C /* ParstagramTests */ = {
			isa = PBXGroup;
			children = (
				2C388522225C36C100B3809C /* ParstagramTests.swift */,
				2C388524225C36C100B3809C /* Info.plist */,
			);
			path = ParstagramTests;
			sourceTree = "<group>";
		};
		2C38852C225C36C100B3809C /* ParstagramUITests */ = {
			isa = PBXGroup;
			children = (
				2C38852D225C36C100B3809C /* ParstagramUITests.swift */,
				2C38852F225C36C100B3809C /* Info.plist */,
			);
			path = ParstagramUITests;
			sourceTree = "<group>";
		};
		362DE5F4F52E9E78E755A4C7 /* Frameworks */ = {
			isa = PBXGroup;
			children = (
				27EA4B346887839A46632D3A /* Pods_Parstagram.framework */,
				2F098DCAED37B236BECD01A1 /* Pods_ParstagramTests.framework */,
				119718ECF3226A4C1E7ADFCC /* Pods_ParstagramUITests.framework */,
			);
			name = Frameworks;
			sourceTree = "<group>";
		};
		F0674E0FA3771244E4EB369A /* Pods */ = {
			isa = PBXGroup;
			children = (
				18029EA96DD90FB560EF8982 /* Pods-Parstagram.debug.xcconfig */,
				E73E145E837939B868223FBB /* Pods-Parstagram.release.xcconfig */,
				7807801616764DA369F3449C /* Pods-ParstagramTests.debug.xcconfig */,
				6187061E685B9F6F16FEEC66 /* Pods-ParstagramTests.release.xcconfig */,
				DE8DCB6D81F54198C50A5C66 /* Pods-ParstagramUITests.debug.xcconfig */,
				15875DB51E4E24FD3D62FC83 /* Pods-ParstagramUITests.release.xcconfig */,
			);
			path = Pods;
			sourceTree = "<group>";
		};
/* End PBXGroup section */

/* Begin PBXNativeTarget section */
		2C388509225C36BE00B3809C /* Parstagram */ = {
			isa = PBXNativeTarget;
			buildConfigurationList = 2C388532225C36C100B3809C /* Build configuration list for PBXNativeTarget "Parstagram" */;
			buildPhases = (
				380480777846167148D4B363 /* [CP] Check Pods Manifest.lock */,
				2C388506225C36BE00B3809C /* Sources */,
				2C388507225C36BE00B3809C /* Frameworks */,
				2C388508225C36BE00B3809C /* Resources */,
				61A61F0F005F340DE16234C9 /* [CP] Embed Pods Frameworks */,
			);
			buildRules = (
			);
			dependencies = (
			);
			name = Parstagram;
			productName = Parstagram;
			productReference = 2C38850A225C36BE00B3809C /* Parstagram.app */;
			productType = "com.apple.product-type.application";
		};
		2C38851D225C36C100B3809C /* ParstagramTests */ = {
			isa = PBXNativeTarget;
			buildConfigurationList = 2C388535225C36C100B3809C /* Build configuration list for PBXNativeTarget "ParstagramTests" */;
			buildPhases = (
				317E1C308F81D1F0DDE91EAF /* [CP] Check Pods Manifest.lock */,
				2C38851A225C36C100B3809C /* Sources */,
				2C38851B225C36C100B3809C /* Frameworks */,
				2C38851C225C36C100B3809C /* Resources */,
			);
			buildRules = (
			);
			dependencies = (
				2C388520225C36C100B3809C /* PBXTargetDependency */,
			);
			name = ParstagramTests;
			productName = ParstagramTests;
			productReference = 2C38851E225C36C100B3809C /* ParstagramTests.xctest */;
			productType = "com.apple.product-type.bundle.unit-test";
		};
		2C388528225C36C100B3809C /* ParstagramUITests */ = {
			isa = PBXNativeTarget;
			buildConfigurationList = 2C388538225C36C100B3809C /* Build configuration list for PBXNativeTarget "ParstagramUITests" */;
			buildPhases = (
				B289237D7B422D8ADBA8AD15 /* [CP] Check Pods Manifest.lock */,
				2C388525225C36C100B3809C /* Sources */,
				2C388526225C36C100B3809C /* Frameworks */,
				2C388527225C36C100B3809C /* Resources */,
			);
			buildRules = (
			);
			dependencies = (
				2C38852B225C36C100B3809C /* PBXTargetDependency */,
			);
			name = ParstagramUITests;
			productName = ParstagramUITests;
			productReference = 2C388529225C36C100B3809C /* ParstagramUITests.xctest */;
			productType = "com.apple.product-type.bundle.ui-testing";
		};
/* End PBXNativeTarget section */

/* Begin PBXProject section */
		2C388502225C36BE00B3809C /* Project object */ = {
			isa = PBXProject;
			attributes = {
				LastSwiftUpdateCheck = 1010;
				LastUpgradeCheck = 1010;
				ORGANIZATIONNAME = qimosabi;
				TargetAttributes = {
					2C388509225C36BE00B3809C = {
						CreatedOnToolsVersion = 10.1;
					};
					2C38851D225C36C100B3809C = {
						CreatedOnToolsVersion = 10.1;
						TestTargetID = 2C388509225C36BE00B3809C;
					};
					2C388528225C36C100B3809C = {
						CreatedOnToolsVersion = 10.1;
						TestTargetID = 2C388509225C36BE00B3809C;
					};
				};
			};
			buildConfigurationList = 2C388505225C36BE00B3809C /* Build configuration list for PBXProject "Parstagram" */;
			compatibilityVersion = "Xcode 9.3";
			developmentRegion = en;
			hasScannedForEncodings = 0;
			knownRegions = (
				en,
				Base,
			);
			mainGroup = 2C388501225C36BE00B3809C;
			productRefGroup = 2C38850B225C36BE00B3809C /* Products */;
			projectDirPath = "";
			projectRoot = "";
			targets = (
				2C388509225C36BE00B3809C /* Parstagram */,
				2C38851D225C36C100B3809C /* ParstagramTests */,
				2C388528225C36C100B3809C /* ParstagramUITests */,
			);
		};
/* End PBXProject section */

/* Begin PBXResourcesBuildPhase section */
		2C388508225C36BE00B3809C /* Resources */ = {
			isa = PBXResourcesBuildPhase;
			buildActionMask = 2147483647;
			files = (
				2C388518225C36C100B3809C /* LaunchScreen.storyboard in Resources */,
				2C388515225C36C100B3809C /* Assets.xcassets in Resources */,
				2C388513225C36BE00B3809C /* Main.storyboard in Resources */,
			);
			runOnlyForDeploymentPostprocessing = 0;
		};
		2C38851C225C36C100B3809C /* Resources */ = {
			isa = PBXResourcesBuildPhase;
			buildActionMask = 2147483647;
			files = (
			);
			runOnlyForDeploymentPostprocessing = 0;
		};
		2C388527225C36C100B3809C /* Resources */ = {
			isa = PBXResourcesBuildPhase;
			buildActionMask = 2147483647;
			files = (
			);
			runOnlyForDeploymentPostprocessing = 0;
		};
/* End PBXResourcesBuildPhase section */

/* Begin PBXShellScriptBuildPhase section */
		317E1C308F81D1F0DDE91EAF /* [CP] Check Pods Manifest.lock */ = {
			isa = PBXShellScriptBuildPhase;
			buildActionMask = 2147483647;
			files = (
			);
			inputFileListPaths = (
			);
			inputPaths = (
				"${PODS_PODFILE_DIR_PATH}/Podfile.lock",
				"${PODS_ROOT}/Manifest.lock",
			);
			name = "[CP] Check Pods Manifest.lock";
			outputFileListPaths = (
			);
			outputPaths = (
				"$(DERIVED_FILE_DIR)/Pods-ParstagramTests-checkManifestLockResult.txt",
			);
			runOnlyForDeploymentPostprocessing = 0;
			shellPath = /bin/sh;
			shellScript = "diff \"${PODS_PODFILE_DIR_PATH}/Podfile.lock\" \"${PODS_ROOT}/Manifest.lock\" > /dev/null\nif [ $? != 0 ] ; then\n    # print error to STDERR\n    echo \"error: The sandbox is not in sync with the Podfile.lock. Run 'pod install' or update your CocoaPods installation.\" >&2\n    exit 1\nfi\n# This output is used by Xcode 'outputs' to avoid re-running this script phase.\necho \"SUCCESS\" > \"${SCRIPT_OUTPUT_FILE_0}\"\n";
			showEnvVarsInLog = 0;
		};
		380480777846167148D4B363 /* [CP] Check Pods Manifest.lock */ = {
			isa = PBXShellScriptBuildPhase;
			buildActionMask = 2147483647;
			files = (
			);
			inputFileListPaths = (
			);
			inputPaths = (
				"${PODS_PODFILE_DIR_PATH}/Podfile.lock",
				"${PODS_ROOT}/Manifest.lock",
			);
			name = "[CP] Check Pods Manifest.lock";
			outputFileListPaths = (
			);
			outputPaths = (
				"$(DERIVED_FILE_DIR)/Pods-Parstagram-checkManifestLockResult.txt",
			);
			runOnlyForDeploymentPostprocessing = 0;
			shellPath = /bin/sh;
			shellScript = "diff \"${PODS_PODFILE_DIR_PATH}/Podfile.lock\" \"${PODS_ROOT}/Manifest.lock\" > /dev/null\nif [ $? != 0 ] ; then\n    # print error to STDERR\n    echo \"error: The sandbox is not in sync with the Podfile.lock. Run 'pod install' or update your CocoaPods installation.\" >&2\n    exit 1\nfi\n# This output is used by Xcode 'outputs' to avoid re-running this script phase.\necho \"SUCCESS\" > \"${SCRIPT_OUTPUT_FILE_0}\"\n";
			showEnvVarsInLog = 0;
		};
		61A61F0F005F340DE16234C9 /* [CP] Embed Pods Frameworks */ = {
			isa = PBXShellScriptBuildPhase;
			buildActionMask = 2147483647;
			files = (
			);
			inputFileListPaths = (
			);
			inputPaths = (
				"${PODS_ROOT}/Target Support Files/Pods-Parstagram/Pods-Parstagram-frameworks.sh",
				"${BUILT_PRODUCTS_DIR}/Alamofire/Alamofire.framework",
				"${BUILT_PRODUCTS_DIR}/AlamofireImage/AlamofireImage.framework",
				"${BUILT_PRODUCTS_DIR}/Bolts/Bolts.framework",
				"${BUILT_PRODUCTS_DIR}/MessageInputBar/MessageInputBar.framework",
				"${BUILT_PRODUCTS_DIR}/Parse/Parse.framework",
			);
			name = "[CP] Embed Pods Frameworks";
			outputFileListPaths = (
			);
			outputPaths = (
				"${TARGET_BUILD_DIR}/${FRAMEWORKS_FOLDER_PATH}/Alamofire.framework",
				"${TARGET_BUILD_DIR}/${FRAMEWORKS_FOLDER_PATH}/AlamofireImage.framework",
				"${TARGET_BUILD_DIR}/${FRAMEWORKS_FOLDER_PATH}/Bolts.framework",
				"${TARGET_BUILD_DIR}/${FRAMEWORKS_FOLDER_PATH}/MessageInputBar.framework",
				"${TARGET_BUILD_DIR}/${FRAMEWORKS_FOLDER_PATH}/Parse.framework",
			);
			runOnlyForDeploymentPostprocessing = 0;
			shellPath = /bin/sh;
			shellScript = "\"${PODS_ROOT}/Target Support Files/Pods-Parstagram/Pods-Parstagram-frameworks.sh\"\n";
			showEnvVarsInLog = 0;
		};
		B289237D7B422D8ADBA8AD15 /* [CP] Check Pods Manifest.lock */ = {
			isa = PBXShellScriptBuildPhase;
			buildActionMask = 2147483647;
			files = (
			);
			inputFileListPaths = (
			);
			inputPaths = (
				"${PODS_PODFILE_DIR_PATH}/Podfile.lock",
				"${PODS_ROOT}/Manifest.lock",
			);
			name = "[CP] Check Pods Manifest.lock";
			outputFileListPaths = (
			);
			outputPaths = (
				"$(DERIVED_FILE_DIR)/Pods-ParstagramUITests-checkManifestLockResult.txt",
			);
			runOnlyForDeploymentPostprocessing = 0;
			shellPath = /bin/sh;
			shellScript = "diff \"${PODS_PODFILE_DIR_PATH}/Podfile.lock\" \"${PODS_ROOT}/Manifest.lock\" > /dev/null\nif [ $? != 0 ] ; then\n    # print error to STDERR\n    echo \"error: The sandbox is not in sync with the Podfile.lock. Run 'pod install' or update your CocoaPods installation.\" >&2\n    exit 1\nfi\n# This output is used by Xcode 'outputs' to avoid re-running this script phase.\necho \"SUCCESS\" > \"${SCRIPT_OUTPUT_FILE_0}\"\n";
			showEnvVarsInLog = 0;
		};
/* End PBXShellScriptBuildPhase section */

/* Begin PBXSourcesBuildPhase section */
		2C388506225C36BE00B3809C /* Sources */ = {
			isa = PBXSourcesBuildPhase;
			buildActionMask = 2147483647;
			files = (
				2C8BF949225C3E5D00C8CF12 /* LoginViewController.swift in Sources */,
				2C8BF94D225C560400C8CF12 /* CameraViewController.swift in Sources */,
				2C8BF94B225C3E6900C8CF12 /* FeedViewController.swift in Sources */,
				2C38850E225C36BE00B3809C /* AppDelegate.swift in Sources */,
				2C8BF94F225C65D100C8CF12 /* PostCell.swift in Sources */,
				2CC037B12266D7DD0015C1DD /* CommentCell.swift in Sources */,
			);
			runOnlyForDeploymentPostprocessing = 0;
		};
		2C38851A225C36C100B3809C /* Sources */ = {
			isa = PBXSourcesBuildPhase;
			buildActionMask = 2147483647;
			files = (
				2C388523225C36C100B3809C /* ParstagramTests.swift in Sources */,
			);
			runOnlyForDeploymentPostprocessing = 0;
		};
		2C388525225C36C100B3809C /* Sources */ = {
			isa = PBXSourcesBuildPhase;
			buildActionMask = 2147483647;
			files = (
				2C38852E225C36C100B3809C /* ParstagramUITests.swift in Sources */,
			);
			runOnlyForDeploymentPostprocessing = 0;
		};
/* End PBXSourcesBuildPhase section */

/* Begin PBXTargetDependency section */
		2C388520225C36C100B3809C /* PBXTargetDependency */ = {
			isa = PBXTargetDependency;
			target = 2C388509225C36BE00B3809C /* Parstagram */;
			targetProxy = 2C38851F225C36C100B3809C /* PBXContainerItemProxy */;
		};
		2C38852B225C36C100B3809C /* PBXTargetDependency */ = {
			isa = PBXTargetDependency;
			target = 2C388509225C36BE00B3809C /* Parstagram */;
			targetProxy = 2C38852A225C36C100B3809C /* PBXContainerItemProxy */;
		};
/* End PBXTargetDependency section */

/* Begin PBXVariantGroup section */
		2C388511225C36BE00B3809C /* Main.storyboard */ = {
			isa = PBXVariantGroup;
			children = (
				2C388512225C36BE00B3809C /* Base */,
			);
			name = Main.storyboard;
			sourceTree = "<group>";
		};
		2C388516225C36C100B3809C /* LaunchScreen.storyboard */ = {
			isa = PBXVariantGroup;
			children = (
				2C388517225C36C100B3809C /* Base */,
			);
			name = LaunchScreen.storyboard;
			sourceTree = "<group>";
		};
/* End PBXVariantGroup section */

/* Begin XCBuildConfiguration section */
		2C388530225C36C100B3809C /* Debug */ = {
			isa = XCBuildConfiguration;
			buildSettings = {
				ALWAYS_SEARCH_USER_PATHS = NO;
				CLANG_ANALYZER_NONNULL = YES;
				CLANG_ANALYZER_NUMBER_OBJECT_CONVERSION = YES_AGGRESSIVE;
				CLANG_CXX_LANGUAGE_STANDARD = "gnu++14";
				CLANG_CXX_LIBRARY = "libc++";
				CLANG_ENABLE_MODULES = YES;
				CLANG_ENABLE_OBJC_ARC = YES;
				CLANG_ENABLE_OBJC_WEAK = YES;
				CLANG_WARN_BLOCK_CAPTURE_AUTORELEASING = YES;
				CLANG_WARN_BOOL_CONVERSION = YES;
				CLANG_WARN_COMMA = YES;
				CLANG_WARN_CONSTANT_CONVERSION = YES;
				CLANG_WARN_DEPRECATED_OBJC_IMPLEMENTATIONS = YES;
				CLANG_WARN_DIRECT_OBJC_ISA_USAGE = YES_ERROR;
				CLANG_WARN_DOCUMENTATION_COMMENTS = YES;
				CLANG_WARN_EMPTY_BODY = YES;
				CLANG_WARN_ENUM_CONVERSION = YES;
				CLANG_WARN_INFINITE_RECURSION = YES;
				CLANG_WARN_INT_CONVERSION = YES;
				CLANG_WARN_NON_LITERAL_NULL_CONVERSION = YES;
				CLANG_WARN_OBJC_IMPLICIT_RETAIN_SELF = YES;
				CLANG_WARN_OBJC_LITERAL_CONVERSION = YES;
				CLANG_WARN_OBJC_ROOT_CLASS = YES_ERROR;
				CLANG_WARN_RANGE_LOOP_ANALYSIS = YES;
				CLANG_WARN_STRICT_PROTOTYPES = YES;
				CLANG_WARN_SUSPICIOUS_MOVE = YES;
				CLANG_WARN_UNGUARDED_AVAILABILITY = YES_AGGRESSIVE;
				CLANG_WARN_UNREACHABLE_CODE = YES;
				CLANG_WARN__DUPLICATE_METHOD_MATCH = YES;
				CODE_SIGN_IDENTITY = "iPhone Developer";
				COPY_PHASE_STRIP = NO;
				DEBUG_INFORMATION_FORMAT = dwarf;
				ENABLE_STRICT_OBJC_MSGSEND = YES;
				ENABLE_TESTABILITY = YES;
				GCC_C_LANGUAGE_STANDARD = gnu11;
				GCC_DYNAMIC_NO_PIC = NO;
				GCC_NO_COMMON_BLOCKS = YES;
				GCC_OPTIMIZATION_LEVEL = 0;
				GCC_PREPROCESSOR_DEFINITIONS = (
					"DEBUG=1",
					"$(inherited)",
				);
				GCC_WARN_64_TO_32_BIT_CONVERSION = YES;
				GCC_WARN_ABOUT_RETURN_TYPE = YES_ERROR;
				GCC_WARN_UNDECLARED_SELECTOR = YES;
				GCC_WARN_UNINITIALIZED_AUTOS = YES_AGGRESSIVE;
				GCC_WARN_UNUSED_FUNCTION = YES;
				GCC_WARN_UNUSED_VARIABLE = YES;
				IPHONEOS_DEPLOYMENT_TARGET = 12.1;
				MTL_ENABLE_DEBUG_INFO = INCLUDE_SOURCE;
				MTL_FAST_MATH = YES;
				ONLY_ACTIVE_ARCH = YES;
				SDKROOT = iphoneos;
				SWIFT_ACTIVE_COMPILATION_CONDITIONS = DEBUG;
				SWIFT_OPTIMIZATION_LEVEL = "-Onone";
			};
			name = Debug;
		};
		2C388531225C36C100B3809C /* Release */ = {
			isa = XCBuildConfiguration;
			buildSettings = {
				ALWAYS_SEARCH_USER_PATHS = NO;
				CLANG_ANALYZER_NONNULL = YES;
				CLANG_ANALYZER_NUMBER_OBJECT_CONVERSION = YES_AGGRESSIVE;
				CLANG_CXX_LANGUAGE_STANDARD = "gnu++14";
				CLANG_CXX_LIBRARY = "libc++";
				CLANG_ENABLE_MODULES = YES;
				CLANG_ENABLE_OBJC_ARC = YES;
				CLANG_ENABLE_OBJC_WEAK = YES;
				CLANG_WARN_BLOCK_CAPTURE_AUTORELEASING = YES;
				CLANG_WARN_BOOL_CONVERSION = YES;
				CLANG_WARN_COMMA = YES;
				CLANG_WARN_CONSTANT_CONVERSION = YES;
				CLANG_WARN_DEPRECATED_OBJC_IMPLEMENTATIONS = YES;
				CLANG_WARN_DIRECT_OBJC_ISA_USAGE = YES_ERROR;
				CLANG_WARN_DOCUMENTATION_COMMENTS = YES;
				CLANG_WARN_EMPTY_BODY = YES;
				CLANG_WARN_ENUM_CONVERSION = YES;
				CLANG_WARN_INFINITE_RECURSION = YES;
				CLANG_WARN_INT_CONVERSION = YES;
				CLANG_WARN_NON_LITERAL_NULL_CONVERSION = YES;
				CLANG_WARN_OBJC_IMPLICIT_RETAIN_SELF = YES;
				CLANG_WARN_OBJC_LITERAL_CONVERSION = YES;
				CLANG_WARN_OBJC_ROOT_CLASS = YES_ERROR;
				CLANG_WARN_RANGE_LOOP_ANALYSIS = YES;
				CLANG_WARN_STRICT_PROTOTYPES = YES;
				CLANG_WARN_SUSPICIOUS_MOVE = YES;
				CLANG_WARN_UNGUARDED_AVAILABILITY = YES_AGGRESSIVE;
				CLANG_WARN_UNREACHABLE_CODE = YES;
				CLANG_WARN__DUPLICATE_METHOD_MATCH = YES;
				CODE_SIGN_IDENTITY = "iPhone Developer";
				COPY_PHASE_STRIP = NO;
				DEBUG_INFORMATION_FORMAT = "dwarf-with-dsym";
				ENABLE_NS_ASSERTIONS = NO;
				ENABLE_STRICT_OBJC_MSGSEND = YES;
				GCC_C_LANGUAGE_STANDARD = gnu11;
				GCC_NO_COMMON_BLOCKS = YES;
				GCC_WARN_64_TO_32_BIT_CONVERSION = YES;
				GCC_WARN_ABOUT_RETURN_TYPE = YES_ERROR;
				GCC_WARN_UNDECLARED_SELECTOR = YES;
				GCC_WARN_UNINITIALIZED_AUTOS = YES_AGGRESSIVE;
				GCC_WARN_UNUSED_FUNCTION = YES;
				GCC_WARN_UNUSED_VARIABLE = YES;
				IPHONEOS_DEPLOYMENT_TARGET = 12.1;
				MTL_ENABLE_DEBUG_INFO = NO;
				MTL_FAST_MATH = YES;
				SDKROOT = iphoneos;
				SWIFT_COMPILATION_MODE = wholemodule;
				SWIFT_OPTIMIZATION_LEVEL = "-O";
				VALIDATE_PRODUCT = YES;
			};
			name = Release;
		};
		2C388533225C36C100B3809C /* Debug */ = {
			isa = XCBuildConfiguration;
			baseConfigurationReference = 18029EA96DD90FB560EF8982 /* Pods-Parstagram.debug.xcconfig */;
			buildSettings = {
				ASSETCATALOG_COMPILER_APPICON_NAME = AppIcon;
				CODE_SIGN_STYLE = Automatic;
				DEVELOPMENT_TEAM = D35TX9G8FX;
				INFOPLIST_FILE = Parstagram/Info.plist;
				LD_RUNPATH_SEARCH_PATHS = (
					"$(inherited)",
					"@executable_path/Frameworks",
				);
				PRODUCT_BUNDLE_IDENTIFIER = codePath.Parstagram;
				PRODUCT_NAME = "$(TARGET_NAME)";
				SWIFT_VERSION = 4.2;
				TARGETED_DEVICE_FAMILY = "1,2";
			};
			name = Debug;
		};
		2C388534225C36C100B3809C /* Release */ = {
			isa = XCBuildConfiguration;
			baseConfigurationReference = E73E145E837939B868223FBB /* Pods-Parstagram.release.xcconfig */;
			buildSettings = {
				ASSETCATALOG_COMPILER_APPICON_NAME = AppIcon;
				CODE_SIGN_STYLE = Automatic;
				DEVELOPMENT_TEAM = D35TX9G8FX;
				INFOPLIST_FILE = Parstagram/Info.plist;
				LD_RUNPATH_SEARCH_PATHS = (
					"$(inherited)",
					"@executable_path/Frameworks",
				);
				PRODUCT_BUNDLE_IDENTIFIER = codePath.Parstagram;
				PRODUCT_NAME = "$(TARGET_NAME)";
				SWIFT_VERSION = 4.2;
				TARGETED_DEVICE_FAMILY = "1,2";
			};
			name = Release;
		};
		2C388536225C36C100B3809C /* Debug */ = {
			isa = XCBuildConfiguration;
			baseConfigurationReference = 7807801616764DA369F3449C /* Pods-ParstagramTests.debug.xcconfig */;
			buildSettings = {
				ALWAYS_EMBED_SWIFT_STANDARD_LIBRARIES = YES;
				BUNDLE_LOADER = "$(TEST_HOST)";
				CODE_SIGN_STYLE = Automatic;
				DEVELOPMENT_TEAM = D35TX9G8FX;
				INFOPLIST_FILE = ParstagramTests/Info.plist;
				LD_RUNPATH_SEARCH_PATHS = (
					"$(inherited)",
					"@executable_path/Frameworks",
					"@loader_path/Frameworks",
				);
				PRODUCT_BUNDLE_IDENTIFIER = codePath.ParstagramTests;
				PRODUCT_NAME = "$(TARGET_NAME)";
				SWIFT_VERSION = 4.2;
				TARGETED_DEVICE_FAMILY = "1,2";
				TEST_HOST = "$(BUILT_PRODUCTS_DIR)/Parstagram.app/Parstagram";
			};
			name = Debug;
		};
		2C388537225C36C100B3809C /* Release */ = {
			isa = XCBuildConfiguration;
			baseConfigurationReference = 6187061E685B9F6F16FEEC66 /* Pods-ParstagramTests.release.xcconfig */;
			buildSettings = {
				ALWAYS_EMBED_SWIFT_STANDARD_LIBRARIES = YES;
				BUNDLE_LOADER = "$(TEST_HOST)";
				CODE_SIGN_STYLE = Automatic;
				DEVELOPMENT_TEAM = D35TX9G8FX;
				INFOPLIST_FILE = ParstagramTests/Info.plist;
				LD_RUNPATH_SEARCH_PATHS = (
					"$(inherited)",
					"@executable_path/Frameworks",
					"@loader_path/Frameworks",
				);
				PRODUCT_BUNDLE_IDENTIFIER = codePath.ParstagramTests;
				PRODUCT_NAME = "$(TARGET_NAME)";
				SWIFT_VERSION = 4.2;
				TARGETED_DEVICE_FAMILY = "1,2";
				TEST_HOST = "$(BUILT_PRODUCTS_DIR)/Parstagram.app/Parstagram";
			};
			name = Release;
		};
		2C388539225C36C100B3809C /* Debug */ = {
			isa = XCBuildConfiguration;
			baseConfigurationReference = DE8DCB6D81F54198C50A5C66 /* Pods-ParstagramUITests.debug.xcconfig */;
			buildSettings = {
				ALWAYS_EMBED_SWIFT_STANDARD_LIBRARIES = YES;
				CODE_SIGN_STYLE = Automatic;
				DEVELOPMENT_TEAM = D35TX9G8FX;
				INFOPLIST_FILE = ParstagramUITests/Info.plist;
				LD_RUNPATH_SEARCH_PATHS = (
					"$(inherited)",
					"@executable_path/Frameworks",
					"@loader_path/Frameworks",
				);
				PRODUCT_BUNDLE_IDENTIFIER = codePath.ParstagramUITests;
				PRODUCT_NAME = "$(TARGET_NAME)";
				SWIFT_VERSION = 4.2;
				TARGETED_DEVICE_FAMILY = "1,2";
				TEST_TARGET_NAME = Parstagram;
			};
			name = Debug;
		};
		2C38853A225C36C100B3809C /* Release */ = {
			isa = XCBuildConfiguration;
			baseConfigurationReference = 15875DB51E4E24FD3D62FC83 /* Pods-ParstagramUITests.release.xcconfig */;
			buildSettings = {
				ALWAYS_EMBED_SWIFT_STANDARD_LIBRARIES = YES;
				CODE_SIGN_STYLE = Automatic;
				DEVELOPMENT_TEAM = D35TX9G8FX;
				INFOPLIST_FILE = ParstagramUITests/Info.plist;
				LD_RUNPATH_SEARCH_PATHS = (
					"$(inherited)",
					"@executable_path/Frameworks",
					"@loader_path/Frameworks",
				);
				PRODUCT_BUNDLE_IDENTIFIER = codePath.ParstagramUITests;
				PRODUCT_NAME = "$(TARGET_NAME)";
				SWIFT_VERSION = 4.2;
				TARGETED_DEVICE_FAMILY = "1,2";
				TEST_TARGET_NAME = Parstagram;
			};
			name = Release;
		};
/* End XCBuildConfiguration section */

/* Begin XCConfigurationList section */
		2C388505225C36BE00B3809C /* Build configuration list for PBXProject "Parstagram" */ = {
			isa = XCConfigurationList;
			buildConfigurations = (
				2C388530225C36C100B3809C /* Debug */,
				2C388531225C36C100B3809C /* Release */,
			);
			defaultConfigurationIsVisible = 0;
			defaultConfigurationName = Release;
		};
		2C388532225C36C100B3809C /* Build configuration list for PBXNativeTarget "Parstagram" */ = {
			isa = XCConfigurationList;
			buildConfigurations = (
				2C388533225C36C100B3809C /* Debug */,
				2C388534225C36C100B3809C /* Release */,
			);
			defaultConfigurationIsVisible = 0;
			defaultConfigurationName = Release;
		};
		2C388535225C36C100B3809C /* Build configuration list for PBXNativeTarget "ParstagramTests" */ = {
			isa = XCConfigurationList;
			buildConfigurations = (
				2C388536225C36C100B3809C /* Debug */,
				2C388537225C36C100B3809C /* Release */,
			);
			defaultConfigurationIsVisible = 0;
			defaultConfigurationName = Release;
		};
		2C388538225C36C100B3809C /* Build configuration list for PBXNativeTarget "ParstagramUITests" */ = {
			isa = XCConfigurationList;
			buildConfigurations = (
				2C388539225C36C100B3809C /* Debug */,
				2C38853A225C36C100B3809C /* Release */,
			);
			defaultConfigurationIsVisible = 0;
			defaultConfigurationName = Release;
		};
/* End XCConfigurationList section */
	};
	rootObject = 2C388502225C36BE00B3809C /* Project object */;
}
